--- 
dependencies: 
  bson_ext: 
    group: 
    - :default
    version: ">= 0"
  rake: 
    group: 
    - :default
    version: ">= 0"
  rspec: 
    group: 
    - :test
    version: ">= 0"
    require: 
    - spec
  cinch: 
    group: 
    - :default
    version: ">= 0"
  json: 
    group: 
    - :default
    version: ">= 0"
  factory_girl: 
    group: 
    - :test
    version: ">= 0"
  heckle: 
    group: 
    - :test
    version: ">= 0"
  mongoid: 
    group: 
    - :default
    version: = 2.0.0.beta6
specs: 
- rake: 
    version: 0.8.7
- ZenTest: 
    version: 4.3.3
- RubyInline: 
    version: 3.8.4
- sexp_processor: 
    version: 3.0.4
- ParseTree: 
    version: 3.0.5
- builder: 
    version: 2.1.2
- i18n: 
    version: 0.3.7
- memcache-client: 
    version: 1.8.3
- tzinfo: 
    version: 0.3.22
- activesupport: 
    version: 3.0.0.beta3
- activemodel: 
    version: 3.0.0.beta3
- bson: 
    version: 1.0.3
- bson_ext: 
    version: 1.0.1
- cinch: 
    version: 0.3.1
- factory_girl: 
    version: 1.3.1
- ruby_parser: 
    version: 2.0.4
- ruby2ruby: 
    version: 1.2.4
- heckle: 
    version: 1.4.3
- json: 
    version: 1.4.3
- mongo: 
    version: 1.0.3
- will_paginate: 
    version: 3.0.pre
- mongoid: 
    version: 2.0.0.beta6
- rspec: 
    version: 1.3.0
hash: 742bcef65e02af02f4ad25b49d3a79680301770c
sources: 
- Rubygems: 
    uri: http://gemcutter.org
