--- 
dependencies: 
  bson_ext: 
    group: 
    - :default
    version: ">= 0"
  rake: 
    group: 
    - :default
    version: ">= 0"
  rspec: 
    group: 
    - :test
    version: ">= 0"
    require: 
    - spec
  cinch: 
    group: 
    - :default
    version: ">= 0"
  json: 
    group: 
    - :default
    version: ">= 0"
  factory_girl: 
    group: 
    - :test
    version: ">= 0"
  heckle: 
    group: 
    - :test
    version: ">= 0"
  mongoid: 
    group: 
    - :default
    version: = 2.0.0.beta.15
specs: 
- rake: 
    version: 0.8.7
- ZenTest: 
    version: 4.3.3
- RubyInline: 
    version: 3.8.4
- sexp_processor: 
    version: 3.0.4
- ParseTree: 
    version: 3.0.5
- activesupport: 
    version: 3.0.0.rc
- builder: 
    version: 2.1.2
- i18n: 
    version: 0.4.1
- activemodel: 
    version: 3.0.0.rc
- bson: 
    version: 1.0.4
- bson_ext: 
    version: 1.0.4
- cinch: 
    version: 0.3.5
- factory_girl: 
    version: 1.3.2
- ruby_parser: 
    version: 2.0.4
- ruby2ruby: 
    version: 1.2.4
- heckle: 
    version: 1.4.3
- json: 
    version: 1.4.3
- mongo: 
    version: 1.0.6
- tzinfo: 
    version: 0.3.22
- will_paginate: 
    version: 3.0.pre2
- mongoid: 
    version: 2.0.0.beta.15
- rspec: 
    version: 1.3.0
hash: 7f7ab8116e8951e93a2057a3dbc18ccc48e83743
sources: 
- Rubygems: 
    uri: http://gemcutter.org
